
Microsoft Visual Studio Solution File, Format Version 12.00
# Visual Studio Version 17
VisualStudioVersion = 17.8.34330.188
MinimumVisualStudioVersion = 10.0.40219.1
Project("{FAE04EC0-301F-11D3-BF4B-00C04F79EFBC}") = "MiniProjetC#", "MiniProjetC#\MiniProjetC#.csproj", "{D658495C-4D95-488B-98C7-D08F669E6572}"
EndProject
Project("{2150E333-8FDC-42A3-9474-1A3956D46DE8}") = "Solution Items", "Solution Items", "{34134FAB-1C3A-44E3-B76E-B76C2827A17C}"
	ProjectSection(SolutionItems) = preProject
		.editorconfig = .editorconfig
	EndProjectSection
EndProject
Global
	GlobalSection(SolutionConfigurationPlatforms) = preSolution
		Debug|Any CPU = Debug|Any CPU
		Release|Any CPU = Release|Any CPU
	EndGlobalSection
	GlobalSection(ProjectConfigurationPlatforms) = postSolution
		{D658495C-4D95-488B-98C7-D08F669E6572}.Debug|Any CPU.ActiveCfg = Debug|Any CPU
		{D658495C-4D95-488B-98C7-D08F669E6572}.Debug|Any CPU.Build.0 = Debug|Any CPU
		{D658495C-4D95-488B-98C7-D08F669E6572}.Release|Any CPU.ActiveCfg = Release|Any CPU
		{D658495C-4D95-488B-98C7-D08F669E6572}.Release|Any CPU.Build.0 = Release|Any CPU
	EndGlobalSection
	GlobalSection(SolutionProperties) = preSolution
		HideSolutionNode = FALSE
	EndGlobalSection
	GlobalSection(ExtensibilityGlobals) = postSolution
		SolutionGuid = {590F51C8-8F11-4FF2-B753-84A6385FED43}
	EndGlobalSection
EndGlobal
